
Microsoft Visual Studio Solution File, Format Version 12.00
# Visual Studio Version 16
VisualStudioVersion = 16.0.28803.202
MinimumVisualStudioVersion = 10.0.40219.1
Project("{2150E333-8FDC-42A3-9474-1A3956D46DE8}") = "Identity.Service", "Service\Identity.Service", "{75AD203E-2748-4A92-9547-8473FC796BE7}"
EndProject
Project("{9A19103F-16F7-4668-BE54-9A1E7A4F7556}") = "Identity.Service", "Service\Identity.Service\Identity.Service.csproj", "{47877680-0010-48C4-82FE-5D3A4CB50E68}"
EndProject
Global
	GlobalSection(SolutionConfigurationPlatforms) = preSolution
		Debug|Any CPU = Debug|Any CPU
		Release|Any CPU = Release|Any CPU
	EndGlobalSection
	GlobalSection(ProjectConfigurationPlatforms) = postSolution
		{47877680-0010-48C4-82FE-5D3A4CB50E68}.Debug|Any CPU.ActiveCfg = Debug|Any CPU
		{47877680-0010-48C4-82FE-5D3A4CB50E68}.Debug|Any CPU.Build.0 = Debug|Any CPU
		{47877680-0010-48C4-82FE-5D3A4CB50E68}.Release|Any CPU.ActiveCfg = Release|Any CPU
		{47877680-0010-48C4-82FE-5D3A4CB50E68}.Release|Any CPU.Build.0 = Release|Any CPU
	EndGlobalSection
	GlobalSection(SolutionProperties) = preSolution
		HideSolutionNode = FALSE
	EndGlobalSection
	GlobalSection(NestedProjects) = preSolution
		{47877680-0010-48C4-82FE-5D3A4CB50E68} = {75AD203E-2748-4A92-9547-8473FC796BE7}
	EndGlobalSection
	GlobalSection(ExtensibilityGlobals) = postSolution
		SolutionGuid = {4E464B40-8B3D-427D-BA61-053DB0B94967}
	EndGlobalSection
EndGlobal
